
Microsoft Visual Studio Solution File, Format Version 12.00
# Visual Studio Version 16
VisualStudioVersion = 16.0.32106.194
MinimumVisualStudioVersion = 10.0.40219.1
Project("{FAE04EC0-301F-11D3-BF4B-00C04F79EFBC}") = "Práctica 4", "Práctica 4\Práctica 4.csproj", "{4816017F-F8BA-4363-82D1-63B1D54392EA}"
EndProject
Project("{FAE04EC0-301F-11D3-BF4B-00C04F79EFBC}") = "Práctica 4.2", "Práctica 4.2\Práctica 4.2.csproj", "{F4763E54-0FEC-4D66-AB8F-E087B313AA83}"
EndProject
Project("{FAE04EC0-301F-11D3-BF4B-00C04F79EFBC}") = "Práctica 4.3", "Práctica 4.3\Práctica 4.3.csproj", "{78F23061-0B00-4C5E-B9DA-0F544B32CDE3}"
EndProject
Global
	GlobalSection(SolutionConfigurationPlatforms) = preSolution
		Debug|Any CPU = Debug|Any CPU
		Release|Any CPU = Release|Any CPU
	EndGlobalSection
	GlobalSection(ProjectConfigurationPlatforms) = postSolution
		{4816017F-F8BA-4363-82D1-63B1D54392EA}.Debug|Any CPU.ActiveCfg = Debug|Any CPU
		{4816017F-F8BA-4363-82D1-63B1D54392EA}.Debug|Any CPU.Build.0 = Debug|Any CPU
		{4816017F-F8BA-4363-82D1-63B1D54392EA}.Release|Any CPU.ActiveCfg = Release|Any CPU
		{4816017F-F8BA-4363-82D1-63B1D54392EA}.Release|Any CPU.Build.0 = Release|Any CPU
		{F4763E54-0FEC-4D66-AB8F-E087B313AA83}.Debug|Any CPU.ActiveCfg = Debug|Any CPU
		{F4763E54-0FEC-4D66-AB8F-E087B313AA83}.Debug|Any CPU.Build.0 = Debug|Any CPU
		{F4763E54-0FEC-4D66-AB8F-E087B313AA83}.Release|Any CPU.ActiveCfg = Release|Any CPU
		{F4763E54-0FEC-4D66-AB8F-E087B313AA83}.Release|Any CPU.Build.0 = Release|Any CPU
		{78F23061-0B00-4C5E-B9DA-0F544B32CDE3}.Debug|Any CPU.ActiveCfg = Debug|Any CPU
		{78F23061-0B00-4C5E-B9DA-0F544B32CDE3}.Debug|Any CPU.Build.0 = Debug|Any CPU
		{78F23061-0B00-4C5E-B9DA-0F544B32CDE3}.Release|Any CPU.ActiveCfg = Release|Any CPU
		{78F23061-0B00-4C5E-B9DA-0F544B32CDE3}.Release|Any CPU.Build.0 = Release|Any CPU
	EndGlobalSection
	GlobalSection(SolutionProperties) = preSolution
		HideSolutionNode = FALSE
	EndGlobalSection
	GlobalSection(ExtensibilityGlobals) = postSolution
		SolutionGuid = {EBBD7A23-B60B-46D7-A287-3BA5A9CB32B9}
	EndGlobalSection
EndGlobal
